
Microsoft Visual Studio Solution File, Format Version 12.00
# Visual Studio 2013
VisualStudioVersion = 12.0.21005.1
MinimumVisualStudioVersion = 10.0.40219.1
Project("{FAE04EC0-301F-11D3-BF4B-00C04F79EFBC}") = "FbxWrapper", "adapter\FbxWrapper.csproj", "{3EE118B8-61CC-46B6-9431-0EF0FE9BB512}"
EndProject
Project("{8BC9CEB8-8B4A-11D0-8D11-00A0C91BC942}") = "FbxWrapperDll", "FbxWrapperDll\FbxWrapperDll.vcxproj", "{33EF2EAB-EB81-4DAA-A830-FFCA0345829E}"
EndProject
Project("{FAE04EC0-301F-11D3-BF4B-00C04F79EFBC}") = "sample", "test\sample.csproj", "{384E9FCF-D100-4247-983F-6DB98510E6AA}"
EndProject
Project("{FAE04EC0-301F-11D3-BF4B-00C04F79EFBC}") = "IncludeGraph", "IncludeGraph\IncludeGraph.csproj", "{52C6E05E-CA76-4DEA-B474-2CE3B212D0B2}"
EndProject
Global
	GlobalSection(SolutionConfigurationPlatforms) = preSolution
		Debug|Any CPU = Debug|Any CPU
		Debug|Mixed Platforms = Debug|Mixed Platforms
		Debug|Win32 = Debug|Win32
		Debug|x64 = Debug|x64
		Release|Any CPU = Release|Any CPU
		Release|Mixed Platforms = Release|Mixed Platforms
		Release|Win32 = Release|Win32
		Release|x64 = Release|x64
	EndGlobalSection
	GlobalSection(ProjectConfigurationPlatforms) = postSolution
		{3EE118B8-61CC-46B6-9431-0EF0FE9BB512}.Debug|Any CPU.ActiveCfg = Debug|Any CPU
		{3EE118B8-61CC-46B6-9431-0EF0FE9BB512}.Debug|Any CPU.Build.0 = Debug|Any CPU
		{3EE118B8-61CC-46B6-9431-0EF0FE9BB512}.Debug|Mixed Platforms.ActiveCfg = Debug|Any CPU
		{3EE118B8-61CC-46B6-9431-0EF0FE9BB512}.Debug|Mixed Platforms.Build.0 = Debug|Any CPU
		{3EE118B8-61CC-46B6-9431-0EF0FE9BB512}.Debug|Win32.ActiveCfg = Debug|Any CPU
		{3EE118B8-61CC-46B6-9431-0EF0FE9BB512}.Debug|x64.ActiveCfg = Debug|Any CPU
		{3EE118B8-61CC-46B6-9431-0EF0FE9BB512}.Release|Any CPU.ActiveCfg = Release|Any CPU
		{3EE118B8-61CC-46B6-9431-0EF0FE9BB512}.Release|Any CPU.Build.0 = Release|Any CPU
		{3EE118B8-61CC-46B6-9431-0EF0FE9BB512}.Release|Mixed Platforms.ActiveCfg = Release|Any CPU
		{3EE118B8-61CC-46B6-9431-0EF0FE9BB512}.Release|Mixed Platforms.Build.0 = Release|Any CPU
		{3EE118B8-61CC-46B6-9431-0EF0FE9BB512}.Release|Win32.ActiveCfg = Release|Any CPU
		{3EE118B8-61CC-46B6-9431-0EF0FE9BB512}.Release|x64.ActiveCfg = Release|Any CPU
		{33EF2EAB-EB81-4DAA-A830-FFCA0345829E}.Debug|Any CPU.ActiveCfg = Debug|Win32
		{33EF2EAB-EB81-4DAA-A830-FFCA0345829E}.Debug|Mixed Platforms.ActiveCfg = Debug|Win32
		{33EF2EAB-EB81-4DAA-A830-FFCA0345829E}.Debug|Mixed Platforms.Build.0 = Debug|Win32
		{33EF2EAB-EB81-4DAA-A830-FFCA0345829E}.Debug|Win32.ActiveCfg = Debug|Win32
		{33EF2EAB-EB81-4DAA-A830-FFCA0345829E}.Debug|Win32.Build.0 = Debug|Win32
		{33EF2EAB-EB81-4DAA-A830-FFCA0345829E}.Debug|x64.ActiveCfg = Debug|x64
		{33EF2EAB-EB81-4DAA-A830-FFCA0345829E}.Debug|x64.Build.0 = Debug|x64
		{33EF2EAB-EB81-4DAA-A830-FFCA0345829E}.Release|Any CPU.ActiveCfg = Release|Win32
		{33EF2EAB-EB81-4DAA-A830-FFCA0345829E}.Release|Mixed Platforms.ActiveCfg = Release|Win32
		{33EF2EAB-EB81-4DAA-A830-FFCA0345829E}.Release|Mixed Platforms.Build.0 = Release|Win32
		{33EF2EAB-EB81-4DAA-A830-FFCA0345829E}.Release|Win32.ActiveCfg = Release|Win32
		{33EF2EAB-EB81-4DAA-A830-FFCA0345829E}.Release|Win32.Build.0 = Release|Win32
		{33EF2EAB-EB81-4DAA-A830-FFCA0345829E}.Release|x64.ActiveCfg = Release|x64
		{33EF2EAB-EB81-4DAA-A830-FFCA0345829E}.Release|x64.Build.0 = Release|x64
		{384E9FCF-D100-4247-983F-6DB98510E6AA}.Debug|Any CPU.ActiveCfg = Debug|Any CPU
		{384E9FCF-D100-4247-983F-6DB98510E6AA}.Debug|Any CPU.Build.0 = Debug|Any CPU
		{384E9FCF-D100-4247-983F-6DB98510E6AA}.Debug|Mixed Platforms.ActiveCfg = Debug|Any CPU
		{384E9FCF-D100-4247-983F-6DB98510E6AA}.Debug|Mixed Platforms.Build.0 = Debug|Any CPU
		{384E9FCF-D100-4247-983F-6DB98510E6AA}.Debug|Win32.ActiveCfg = Debug|Any CPU
		{384E9FCF-D100-4247-983F-6DB98510E6AA}.Debug|x64.ActiveCfg = Debug|Any CPU
		{384E9FCF-D100-4247-983F-6DB98510E6AA}.Release|Any CPU.ActiveCfg = Release|Any CPU
		{384E9FCF-D100-4247-983F-6DB98510E6AA}.Release|Any CPU.Build.0 = Release|Any CPU
		{384E9FCF-D100-4247-983F-6DB98510E6AA}.Release|Mixed Platforms.ActiveCfg = Release|Any CPU
		{384E9FCF-D100-4247-983F-6DB98510E6AA}.Release|Mixed Platforms.Build.0 = Release|Any CPU
		{384E9FCF-D100-4247-983F-6DB98510E6AA}.Release|Win32.ActiveCfg = Release|Any CPU
		{384E9FCF-D100-4247-983F-6DB98510E6AA}.Release|x64.ActiveCfg = Release|Any CPU
		{384E9FCF-D100-4247-983F-6DB98510E6AA}.Release|x64.Build.0 = Release|Any CPU
		{52C6E05E-CA76-4DEA-B474-2CE3B212D0B2}.Debug|Any CPU.ActiveCfg = Debug|Any CPU
		{52C6E05E-CA76-4DEA-B474-2CE3B212D0B2}.Debug|Any CPU.Build.0 = Debug|Any CPU
		{52C6E05E-CA76-4DEA-B474-2CE3B212D0B2}.Debug|Mixed Platforms.ActiveCfg = Debug|Any CPU
		{52C6E05E-CA76-4DEA-B474-2CE3B212D0B2}.Debug|Mixed Platforms.Build.0 = Debug|Any CPU
		{52C6E05E-CA76-4DEA-B474-2CE3B212D0B2}.Debug|Win32.ActiveCfg = Debug|Any CPU
		{52C6E05E-CA76-4DEA-B474-2CE3B212D0B2}.Debug|x64.ActiveCfg = Debug|Any CPU
		{52C6E05E-CA76-4DEA-B474-2CE3B212D0B2}.Release|Any CPU.ActiveCfg = Release|Any CPU
		{52C6E05E-CA76-4DEA-B474-2CE3B212D0B2}.Release|Any CPU.Build.0 = Release|Any CPU
		{52C6E05E-CA76-4DEA-B474-2CE3B212D0B2}.Release|Mixed Platforms.ActiveCfg = Release|Any CPU
		{52C6E05E-CA76-4DEA-B474-2CE3B212D0B2}.Release|Mixed Platforms.Build.0 = Release|Any CPU
		{52C6E05E-CA76-4DEA-B474-2CE3B212D0B2}.Release|Win32.ActiveCfg = Release|Any CPU
		{52C6E05E-CA76-4DEA-B474-2CE3B212D0B2}.Release|x64.ActiveCfg = Release|Any CPU
	EndGlobalSection
	GlobalSection(SolutionProperties) = preSolution
		HideSolutionNode = FALSE
	EndGlobalSection
EndGlobal
